
Microsoft Visual Studio Solution File, Format Version 12.00
# Visual Studio Version 16
VisualStudioVersion = 16.0.29001.49
MinimumVisualStudioVersion = 10.0.40219.1
Project("{FAE04EC0-301F-11D3-BF4B-00C04F79EFBC}") = "WebAppCiCd", "WebAppCiCd\WebAppCiCd.csproj", "{300A8B92-2677-48E3-A33F-633F745D89C0}"
EndProject
Project("{FAE04EC0-301F-11D3-BF4B-00C04F79EFBC}") = "WebAppCiCd.SPEC", "WebAppCiCd.SPEC\WebAppCiCd.SPEC.csproj", "{26D4EA57-DEEA-4D61-874B-8529F371CBF2}"
EndProject
Global
	GlobalSection(SolutionConfigurationPlatforms) = preSolution
		Debug|Any CPU = Debug|Any CPU
		Release|Any CPU = Release|Any CPU
	EndGlobalSection
	GlobalSection(ProjectConfigurationPlatforms) = postSolution
		{300A8B92-2677-48E3-A33F-633F745D89C0}.Debug|Any CPU.ActiveCfg = Debug|Any CPU
		{300A8B92-2677-48E3-A33F-633F745D89C0}.Debug|Any CPU.Build.0 = Debug|Any CPU
		{300A8B92-2677-48E3-A33F-633F745D89C0}.Release|Any CPU.ActiveCfg = Release|Any CPU
		{300A8B92-2677-48E3-A33F-633F745D89C0}.Release|Any CPU.Build.0 = Release|Any CPU
		{26D4EA57-DEEA-4D61-874B-8529F371CBF2}.Debug|Any CPU.ActiveCfg = Debug|Any CPU
		{26D4EA57-DEEA-4D61-874B-8529F371CBF2}.Debug|Any CPU.Build.0 = Debug|Any CPU
		{26D4EA57-DEEA-4D61-874B-8529F371CBF2}.Release|Any CPU.ActiveCfg = Release|Any CPU
		{26D4EA57-DEEA-4D61-874B-8529F371CBF2}.Release|Any CPU.Build.0 = Release|Any CPU
	EndGlobalSection
	GlobalSection(SolutionProperties) = preSolution
		HideSolutionNode = FALSE
	EndGlobalSection
	GlobalSection(ExtensibilityGlobals) = postSolution
		SolutionGuid = {048C85B6-C235-4EFD-9F5D-6671BABFD17B}
	EndGlobalSection
EndGlobal
